
Microsoft Visual Studio Solution File, Format Version 12.00
# Visual Studio Version 17
VisualStudioVersion = 17.13.35825.156 d17.13
MinimumVisualStudioVersion = 10.0.40219.1
Project("{FAE04EC0-301F-11D3-BF4B-00C04F79EFBC}") = "APIDevelopmentinASP.NETCore", "APIDevelopmentinASP.NETCore\APIDevelopmentinASP.NETCore.csproj", "{D2D8E3E2-D209-4789-B3CF-74CABB881774}"
EndProject
Global
	GlobalSection(SolutionConfigurationPlatforms) = preSolution
		Debug|Any CPU = Debug|Any CPU
		Release|Any CPU = Release|Any CPU
	EndGlobalSection
	GlobalSection(ProjectConfigurationPlatforms) = postSolution
		{D2D8E3E2-D209-4789-B3CF-74CABB881774}.Debug|Any CPU.ActiveCfg = Debug|Any CPU
		{D2D8E3E2-D209-4789-B3CF-74CABB881774}.Debug|Any CPU.Build.0 = Debug|Any CPU
		{D2D8E3E2-D209-4789-B3CF-74CABB881774}.Release|Any CPU.ActiveCfg = Release|Any CPU
		{D2D8E3E2-D209-4789-B3CF-74CABB881774}.Release|Any CPU.Build.0 = Release|Any CPU
	EndGlobalSection
	GlobalSection(SolutionProperties) = preSolution
		HideSolutionNode = FALSE
	EndGlobalSection
	GlobalSection(ExtensibilityGlobals) = postSolution
		SolutionGuid = {6A4CC9DF-DCAB-45AC-84F8-E7DB6BD7C1E1}
	EndGlobalSection
EndGlobal
